
Microsoft Visual Studio Solution File, Format Version 12.00
# Visual Studio 15
VisualStudioVersion = 15.0.28010.2036
MinimumVisualStudioVersion = 10.0.40219.1
Project("{FAE04EC0-301F-11D3-BF4B-00C04F79EFBC}") = "App_MongoDB_Lab", "App_MongoDB_Lab\App_MongoDB_Lab.csproj", "{7AE929C7-6A80-46CB-8454-62ED2DF2EFC0}"
EndProject
Global
	GlobalSection(SolutionConfigurationPlatforms) = preSolution
		Debug|Any CPU = Debug|Any CPU
		Release|Any CPU = Release|Any CPU
	EndGlobalSection
	GlobalSection(ProjectConfigurationPlatforms) = postSolution
		{7AE929C7-6A80-46CB-8454-62ED2DF2EFC0}.Debug|Any CPU.ActiveCfg = Debug|Any CPU
		{7AE929C7-6A80-46CB-8454-62ED2DF2EFC0}.Debug|Any CPU.Build.0 = Debug|Any CPU
		{7AE929C7-6A80-46CB-8454-62ED2DF2EFC0}.Release|Any CPU.ActiveCfg = Release|Any CPU
		{7AE929C7-6A80-46CB-8454-62ED2DF2EFC0}.Release|Any CPU.Build.0 = Release|Any CPU
	EndGlobalSection
	GlobalSection(SolutionProperties) = preSolution
		HideSolutionNode = FALSE
	EndGlobalSection
	GlobalSection(ExtensibilityGlobals) = postSolution
		SolutionGuid = {657AAB0A-C531-4588-B304-534EAAC2D266}
	EndGlobalSection
EndGlobal
